
Microsoft Visual Studio Solution File, Format Version 12.00
# Visual Studio Version 17
VisualStudioVersion = 17.7.34221.43
MinimumVisualStudioVersion = 10.0.40219.1
Project("{FAE04EC0-301F-11D3-BF4B-00C04F79EFBC}") = "Spoiler.Lib", "Spoiler.Lib\Spoiler.Lib.csproj", "{1AA6F544-8225-40FA-B041-8C49BA536A8B}"
EndProject
Project("{FAE04EC0-301F-11D3-BF4B-00C04F79EFBC}") = "Spoiler.WinForms", "Spoiler.WinForms\Spoiler.WinForms.csproj", "{A7C43A5A-A29F-44F9-B0F9-FF80DFCDDE1F}"
EndProject
Global
	GlobalSection(SolutionConfigurationPlatforms) = preSolution
		Debug|Any CPU = Debug|Any CPU
		Release|Any CPU = Release|Any CPU
	EndGlobalSection
	GlobalSection(ProjectConfigurationPlatforms) = postSolution
		{1AA6F544-8225-40FA-B041-8C49BA536A8B}.Debug|Any CPU.ActiveCfg = Debug|Any CPU
		{1AA6F544-8225-40FA-B041-8C49BA536A8B}.Debug|Any CPU.Build.0 = Debug|Any CPU
		{1AA6F544-8225-40FA-B041-8C49BA536A8B}.Release|Any CPU.ActiveCfg = Release|Any CPU
		{1AA6F544-8225-40FA-B041-8C49BA536A8B}.Release|Any CPU.Build.0 = Release|Any CPU
		{A7C43A5A-A29F-44F9-B0F9-FF80DFCDDE1F}.Debug|Any CPU.ActiveCfg = Debug|Any CPU
		{A7C43A5A-A29F-44F9-B0F9-FF80DFCDDE1F}.Debug|Any CPU.Build.0 = Debug|Any CPU
		{A7C43A5A-A29F-44F9-B0F9-FF80DFCDDE1F}.Release|Any CPU.ActiveCfg = Release|Any CPU
		{A7C43A5A-A29F-44F9-B0F9-FF80DFCDDE1F}.Release|Any CPU.Build.0 = Release|Any CPU
	EndGlobalSection
	GlobalSection(SolutionProperties) = preSolution
		HideSolutionNode = FALSE
	EndGlobalSection
	GlobalSection(ExtensibilityGlobals) = postSolution
		SolutionGuid = {DC6E3C72-3844-4896-AE46-0523875D21E7}
	EndGlobalSection
EndGlobal
